Microsoft Visual Studio Solution File, Format Version 12.00
# Visual Studio Version 17
VisualStudioVersion = 17.5.2.0
MinimumVisualStudioVersion = 10.0.40219.1
Project("{FAE04EC0-301F-11D3-BF4B-00C04F79EFBC}") = "hack-assembler", "hack-assembler.csproj", "{E25CA89F-DBC9-8CB2-DFFE-FC75B2FFBCE9}"
EndProject
Global
	GlobalSection(SolutionConfigurationPlatforms) = preSolution
		Debug|Any CPU = Debug|Any CPU
		Release|Any CPU = Release|Any CPU
	EndGlobalSection
	GlobalSection(ProjectConfigurationPlatforms) = postSolution
		{E25CA89F-DBC9-8CB2-DFFE-FC75B2FFBCE9}.Debug|Any CPU.ActiveCfg = Debug|Any CPU
		{E25CA89F-DBC9-8CB2-DFFE-FC75B2FFBCE9}.Debug|Any CPU.Build.0 = Debug|Any CPU
		{E25CA89F-DBC9-8CB2-DFFE-FC75B2FFBCE9}.Release|Any CPU.ActiveCfg = Release|Any CPU
		{E25CA89F-DBC9-8CB2-DFFE-FC75B2FFBCE9}.Release|Any CPU.Build.0 = Release|Any CPU
	EndGlobalSection
	GlobalSection(SolutionProperties) = preSolution
		HideSolutionNode = FALSE
	EndGlobalSection
	GlobalSection(ExtensibilityGlobals) = postSolution
		SolutionGuid = {3E4208AA-802C-49E7-ADEC-4783D9E6A57C}
	EndGlobalSection
EndGlobal
